
Microsoft Visual Studio Solution File, Format Version 12.00
# Visual Studio Version 17
VisualStudioVersion = 17.0.31903.59
MinimumVisualStudioVersion = 10.0.40219.1
Project("{FAE04EC0-301F-11D3-BF4B-00C04F79EFBC}") = "EcommerceSender", "EcommerceSender\EcommerceSender.csproj", "{ABEA9FB9-1B94-4F49-91EC-F1BF4BB0AF20}"
EndProject
Project("{FAE04EC0-301F-11D3-BF4B-00C04F79EFBC}") = "EcommerceShare", "EcommerceShare\EcommerceShare.csproj", "{8931A2A4-4733-4091-BB83-3261A504FE1A}"
EndProject
Project("{FAE04EC0-301F-11D3-BF4B-00C04F79EFBC}") = "EcommerceReciver", "EcommerceReciver\EcommerceReciver.csproj", "{99A80147-7899-4D5F-A3D5-5E19118784B6}"
EndProject
Project("{2150E333-8FDC-42A3-9474-1A3956D46DE8}") = "Solution Items", "Solution Items", "{3234BB4D-071D-49D8-980A-3C72A2B4AC93}"
	ProjectSection(SolutionItems) = preProject
		docker-compose.yml = docker-compose.yml
	EndProjectSection
EndProject
Global
	GlobalSection(SolutionConfigurationPlatforms) = preSolution
		Debug|Any CPU = Debug|Any CPU
		Release|Any CPU = Release|Any CPU
	EndGlobalSection
	GlobalSection(SolutionProperties) = preSolution
		HideSolutionNode = FALSE
	EndGlobalSection
	GlobalSection(ProjectConfigurationPlatforms) = postSolution
		{ABEA9FB9-1B94-4F49-91EC-F1BF4BB0AF20}.Debug|Any CPU.ActiveCfg = Debug|Any CPU
		{ABEA9FB9-1B94-4F49-91EC-F1BF4BB0AF20}.Debug|Any CPU.Build.0 = Debug|Any CPU
		{ABEA9FB9-1B94-4F49-91EC-F1BF4BB0AF20}.Release|Any CPU.ActiveCfg = Release|Any CPU
		{ABEA9FB9-1B94-4F49-91EC-F1BF4BB0AF20}.Release|Any CPU.Build.0 = Release|Any CPU
		{8931A2A4-4733-4091-BB83-3261A504FE1A}.Debug|Any CPU.ActiveCfg = Debug|Any CPU
		{8931A2A4-4733-4091-BB83-3261A504FE1A}.Debug|Any CPU.Build.0 = Debug|Any CPU
		{8931A2A4-4733-4091-BB83-3261A504FE1A}.Release|Any CPU.ActiveCfg = Release|Any CPU
		{8931A2A4-4733-4091-BB83-3261A504FE1A}.Release|Any CPU.Build.0 = Release|Any CPU
		{99A80147-7899-4D5F-A3D5-5E19118784B6}.Debug|Any CPU.ActiveCfg = Debug|Any CPU
		{99A80147-7899-4D5F-A3D5-5E19118784B6}.Debug|Any CPU.Build.0 = Debug|Any CPU
		{99A80147-7899-4D5F-A3D5-5E19118784B6}.Release|Any CPU.ActiveCfg = Release|Any CPU
		{99A80147-7899-4D5F-A3D5-5E19118784B6}.Release|Any CPU.Build.0 = Release|Any CPU
	EndGlobalSection
EndGlobal
